
Microsoft Visual Studio Solution File, Format Version 12.00
# Visual Studio Version 17
VisualStudioVersion = 17.5.002.0
MinimumVisualStudioVersion = 10.0.40219.1
Project("{9A19103F-16F7-4668-BE54-9A1E7A4F7556}") = "PeopleDataApi", "PeopleDataApi\PeopleDataApi.csproj", "{FFFD363E-21E6-4B37-824F-8140C94D08DE}"
EndProject
Global
	GlobalSection(SolutionConfigurationPlatforms) = preSolution
		Debug|Any CPU = Debug|Any CPU
		Release|Any CPU = Release|Any CPU
	EndGlobalSection
	GlobalSection(ProjectConfigurationPlatforms) = postSolution
		{FFFD363E-21E6-4B37-824F-8140C94D08DE}.Debug|Any CPU.ActiveCfg = Debug|Any CPU
		{FFFD363E-21E6-4B37-824F-8140C94D08DE}.Debug|Any CPU.Build.0 = Debug|Any CPU
		{FFFD363E-21E6-4B37-824F-8140C94D08DE}.Release|Any CPU.ActiveCfg = Release|Any CPU
		{FFFD363E-21E6-4B37-824F-8140C94D08DE}.Release|Any CPU.Build.0 = Release|Any CPU
	EndGlobalSection
	GlobalSection(SolutionProperties) = preSolution
		HideSolutionNode = FALSE
	EndGlobalSection
	GlobalSection(ExtensibilityGlobals) = postSolution
		SolutionGuid = {0FCBA00A-D5A3-47CE-8F21-23DF07A06DC7}
	EndGlobalSection
EndGlobal
